
Microsoft Visual Studio Solution File, Format Version 12.00
Project("{FAE04EC0-301F-11D3-BF4B-00C04F79EFBC}") = "TestPlatform", "TestPlatform\TestPlatform.csproj", "{B4D6A386-A0A2-49D9-9D0C-D120960D44E8}"
EndProject
Project("{FAE04EC0-301F-11D3-BF4B-00C04F79EFBC}") = "TestPlatform.UnitTests", "TestPlatform.UnitTests\TestPlatform.UnitTests.csproj", "{5898D764-0D95-4961-85D8-1B3CF45EBA5E}"
EndProject
Global
	GlobalSection(SolutionConfigurationPlatforms) = preSolution
		Debug|Any CPU = Debug|Any CPU
		Release|Any CPU = Release|Any CPU
	EndGlobalSection
	GlobalSection(ProjectConfigurationPlatforms) = postSolution
		{B4D6A386-A0A2-49D9-9D0C-D120960D44E8}.Debug|Any CPU.ActiveCfg = Debug|Any CPU
		{B4D6A386-A0A2-49D9-9D0C-D120960D44E8}.Debug|Any CPU.Build.0 = Debug|Any CPU
		{B4D6A386-A0A2-49D9-9D0C-D120960D44E8}.Release|Any CPU.ActiveCfg = Release|Any CPU
		{B4D6A386-A0A2-49D9-9D0C-D120960D44E8}.Release|Any CPU.Build.0 = Release|Any CPU
		{5898D764-0D95-4961-85D8-1B3CF45EBA5E}.Debug|Any CPU.ActiveCfg = Debug|Any CPU
		{5898D764-0D95-4961-85D8-1B3CF45EBA5E}.Debug|Any CPU.Build.0 = Debug|Any CPU
		{5898D764-0D95-4961-85D8-1B3CF45EBA5E}.Release|Any CPU.ActiveCfg = Release|Any CPU
		{5898D764-0D95-4961-85D8-1B3CF45EBA5E}.Release|Any CPU.Build.0 = Release|Any CPU
	EndGlobalSection
EndGlobal
