
Microsoft Visual Studio Solution File, Format Version 12.00
Project("{FAE04EC0-301F-11D3-BF4B-00C04F79EFBC}") = "TestPlatform", "TestPlatform\TestPlatform.csproj", "{B4D6A386-A0A2-49D9-9D0C-D120960D44E8}"
EndProject
Project("{FAE04EC0-301F-11D3-BF4B-00C04F79EFBC}") = "Playground", "Playground\Playground.csproj", "{3655F5BB-B3EF-4E6E-AAB3-1F45238358A7}"
EndProject
Project("{FAE04EC0-301F-11D3-BF4B-00C04F79EFBC}") = "HealthCheck", "HealthCheck\HealthCheck.csproj", "{23C4575E-7997-477A-B383-033E0276818D}"
EndProject
Global
	GlobalSection(SolutionConfigurationPlatforms) = preSolution
		Debug|Any CPU = Debug|Any CPU
		Release|Any CPU = Release|Any CPU
	EndGlobalSection
	GlobalSection(ProjectConfigurationPlatforms) = postSolution
		{B4D6A386-A0A2-49D9-9D0C-D120960D44E8}.Debug|Any CPU.ActiveCfg = Debug|Any CPU
		{B4D6A386-A0A2-49D9-9D0C-D120960D44E8}.Debug|Any CPU.Build.0 = Debug|Any CPU
		{B4D6A386-A0A2-49D9-9D0C-D120960D44E8}.Release|Any CPU.ActiveCfg = Release|Any CPU
		{B4D6A386-A0A2-49D9-9D0C-D120960D44E8}.Release|Any CPU.Build.0 = Release|Any CPU
		{3655F5BB-B3EF-4E6E-AAB3-1F45238358A7}.Debug|Any CPU.ActiveCfg = Debug|Any CPU
		{3655F5BB-B3EF-4E6E-AAB3-1F45238358A7}.Debug|Any CPU.Build.0 = Debug|Any CPU
		{3655F5BB-B3EF-4E6E-AAB3-1F45238358A7}.Release|Any CPU.ActiveCfg = Release|Any CPU
		{3655F5BB-B3EF-4E6E-AAB3-1F45238358A7}.Release|Any CPU.Build.0 = Release|Any CPU
		{23C4575E-7997-477A-B383-033E0276818D}.Debug|Any CPU.ActiveCfg = Debug|Any CPU
		{23C4575E-7997-477A-B383-033E0276818D}.Debug|Any CPU.Build.0 = Debug|Any CPU
		{23C4575E-7997-477A-B383-033E0276818D}.Release|Any CPU.ActiveCfg = Release|Any CPU
		{23C4575E-7997-477A-B383-033E0276818D}.Release|Any CPU.Build.0 = Release|Any CPU
	EndGlobalSection
EndGlobal
